
Microsoft Visual Studio Solution File, Format Version 12.00
# Visual Studio 14
VisualStudioVersion = 14.0.25420.1
MinimumVisualStudioVersion = 10.0.40219.1
Project("{2150E333-8FDC-42A3-9474-1A3956D46DE8}") = "CF406", "CF406", "{6ACE758F-1616-499E-B59C-58C9ACCB08D0}"
EndProject
Project("{8BC9CEB8-8B4A-11D0-8D11-00A0C91BC942}") = "CF406A", "CF406A\CF406A.vcxproj", "{E2075723-B1DD-4E38-9E65-3B62C63F26F9}"
EndProject
Project("{2150E333-8FDC-42A3-9474-1A3956D46DE8}") = "template", "template", "{83BDFBDA-C131-4AA6-B5A8-693F4FE95747}"
	ProjectSection(SolutionItems) = preProject
		main.cpp = main.cpp
	EndProjectSection
EndProject
Project("{8BC9CEB8-8B4A-11D0-8D11-00A0C91BC942}") = "CF406B", "CF406B\CF406B.vcxproj", "{1226A8DE-0E0D-4367-BA81-B69239782395}"
EndProject
Project("{2150E333-8FDC-42A3-9474-1A3956D46DE8}") = "CF401", "CF401", "{B05106EB-E24C-4795-8B46-9E706A8D9BC2}"
EndProject
Project("{8BC9CEB8-8B4A-11D0-8D11-00A0C91BC942}") = "CF401B", "CF401B\CF401B.vcxproj", "{668D59E0-B140-4B65-9F65-EAABA73E2416}"
EndProject
Project("{2150E333-8FDC-42A3-9474-1A3956D46DE8}") = "CF395", "CF395", "{971FAD58-C282-4F78-A5D0-D705FE524189}"
EndProject
Project("{8BC9CEB8-8B4A-11D0-8D11-00A0C91BC942}") = "CF395B", "CF395B\CF395B.vcxproj", "{7620C90D-D5FC-4914-84D1-B04166918547}"
EndProject
Project("{8BC9CEB8-8B4A-11D0-8D11-00A0C91BC942}") = "CF395A", "CF395A\CF395A.vcxproj", "{9A90632D-0D60-4AAC-B90B-09843C9B7D59}"
EndProject
Project("{2150E333-8FDC-42A3-9474-1A3956D46DE8}") = "CF392", "CF392", "{4CEC919A-C730-4952-AD42-E335F8E0206B}"
EndProject
Project("{8BC9CEB8-8B4A-11D0-8D11-00A0C91BC942}") = "CF392C", "CF392C\CF392C.vcxproj", "{05C7D5EF-975D-4367-A395-4FB9B6BC9C50}"
EndProject
Project("{2150E333-8FDC-42A3-9474-1A3956D46DE8}") = "8VS2017", "8VS2017", "{999043C2-A6B2-4845-BBA9-2D4B7FC696E5}"
EndProject
Project("{8BC9CEB8-8B4A-11D0-8D11-00A0C91BC942}") = "VC2017C", "VC2017C\VC2017C.vcxproj", "{7E0F4840-0152-4A08-9A4C-8AC34CDF5EAD}"
EndProject
Project("{8BC9CEB8-8B4A-11D0-8D11-00A0C91BC942}") = "VC2017B", "VC2017B\VC2017B.vcxproj", "{B143CAB3-5DFD-4D36-A1A4-617E43B36549}"
EndProject
Project("{8BC9CEB8-8B4A-11D0-8D11-00A0C91BC942}") = "VC2017A", "VC2017A\VC2017A.vcxproj", "{78E803D8-A56E-430D-9923-62FDEB9D86ED}"
EndProject
Project("{2150E333-8FDC-42A3-9474-1A3956D46DE8}") = "CF388", "CF388", "{B06FC14B-5E8A-42DD-87C2-18E2AB226971}"
EndProject
Project("{8BC9CEB8-8B4A-11D0-8D11-00A0C91BC942}") = "CF388B", "CF388B\CF388B.vcxproj", "{BD75CE21-2DAD-40EF-9190-A11424D9A909}"
EndProject
Project("{8BC9CEB8-8B4A-11D0-8D11-00A0C91BC942}") = "CF388A", "CF388A\CF388A.vcxproj", "{16477480-85D4-454C-90C5-231281B97C3E}"
EndProject
Project("{2150E333-8FDC-42A3-9474-1A3956D46DE8}") = "CF385", "CF385", "{25EAD974-EC9D-48A0-804E-76887E0D113E}"
EndProject
Project("{8BC9CEB8-8B4A-11D0-8D11-00A0C91BC942}") = "CF385B", "CF385B\CF385B.vcxproj", "{F54A737F-8C3A-4388-89DA-8A1B5D25DE36}"
EndProject
Project("{8BC9CEB8-8B4A-11D0-8D11-00A0C91BC942}") = "CF385A", "CF385A\CF385A.vcxproj", "{571C3B6C-7885-44D3-BF14-A74F81F8A411}"
EndProject
Project("{2150E333-8FDC-42A3-9474-1A3956D46DE8}") = "CF380", "CF380", "{EBE80078-E2EB-434A-9E4D-7C0187BA791A}"
EndProject
Project("{8BC9CEB8-8B4A-11D0-8D11-00A0C91BC942}") = "CF380B", "CF380B\CF380B.vcxproj", "{F589A356-C5E4-4267-BF59-22E268BE9719}"
EndProject
Project("{8BC9CEB8-8B4A-11D0-8D11-00A0C91BC942}") = "CF380A", "CF380A\CF380A.vcxproj", "{952B2573-19F7-4943-8C36-34EFD23FB02B}"
EndProject
Project("{2150E333-8FDC-42A3-9474-1A3956D46DE8}") = "CF379", "CF379", "{C986187E-6ECC-4962-AC2D-FF6F5B8E6A4D}"
EndProject
Project("{8BC9CEB8-8B4A-11D0-8D11-00A0C91BC942}") = "CF379B", "CF379B\CF379B.vcxproj", "{5F797BCA-7421-45B7-B5F7-96906E95BFF8}"
EndProject
Project("{8BC9CEB8-8B4A-11D0-8D11-00A0C91BC942}") = "CF379A", "CF379A\CF379A.vcxproj", "{F275AAD3-33C3-419E-806F-60D638B99F67}"
EndProject
Project("{2150E333-8FDC-42A3-9474-1A3956D46DE8}") = "CF378", "CF378", "{AC758DEF-AC69-42A8-BD15-D1374EED30CD}"
EndProject
Project("{8BC9CEB8-8B4A-11D0-8D11-00A0C91BC942}") = "CF378B", "CF378B\CF378B.vcxproj", "{7720B36B-F32D-4727-889E-2C47BEC2CCDA}"
EndProject
Project("{2150E333-8FDC-42A3-9474-1A3956D46DE8}") = "CF377", "CF377", "{5736448D-F656-4181-BE39-8E23358C8903}"
EndProject
Project("{8BC9CEB8-8B4A-11D0-8D11-00A0C91BC942}") = "CF377A", "CF377A\CF377A.vcxproj", "{FBD6CE2B-0989-438B-A1B2-3DF3B0C67883}"
EndProject
Project("{2150E333-8FDC-42A3-9474-1A3956D46DE8}") = "CF353", "CF353", "{93B26298-2557-424D-AF55-91437BD66D1F}"
EndProject
Project("{8BC9CEB8-8B4A-11D0-8D11-00A0C91BC942}") = "CF353D", "CF353D\CF353D.vcxproj", "{00310D1D-B2C7-4DF0-8DED-4645E3D98E72}"
EndProject
Global
	GlobalSection(SolutionConfigurationPlatforms) = preSolution
		Debug|x64 = Debug|x64
		Debug|x86 = Debug|x86
		Release|x64 = Release|x64
		Release|x86 = Release|x86
	EndGlobalSection
	GlobalSection(ProjectConfigurationPlatforms) = postSolution
		{E2075723-B1DD-4E38-9E65-3B62C63F26F9}.Debug|x64.ActiveCfg = Debug|x64
		{E2075723-B1DD-4E38-9E65-3B62C63F26F9}.Debug|x64.Build.0 = Debug|x64
		{E2075723-B1DD-4E38-9E65-3B62C63F26F9}.Debug|x86.ActiveCfg = Debug|Win32
		{E2075723-B1DD-4E38-9E65-3B62C63F26F9}.Debug|x86.Build.0 = Debug|Win32
		{E2075723-B1DD-4E38-9E65-3B62C63F26F9}.Release|x64.ActiveCfg = Release|x64
		{E2075723-B1DD-4E38-9E65-3B62C63F26F9}.Release|x64.Build.0 = Release|x64
		{E2075723-B1DD-4E38-9E65-3B62C63F26F9}.Release|x86.ActiveCfg = Release|Win32
		{E2075723-B1DD-4E38-9E65-3B62C63F26F9}.Release|x86.Build.0 = Release|Win32
		{1226A8DE-0E0D-4367-BA81-B69239782395}.Debug|x64.ActiveCfg = Debug|x64
		{1226A8DE-0E0D-4367-BA81-B69239782395}.Debug|x64.Build.0 = Debug|x64
		{1226A8DE-0E0D-4367-BA81-B69239782395}.Debug|x86.ActiveCfg = Debug|Win32
		{1226A8DE-0E0D-4367-BA81-B69239782395}.Debug|x86.Build.0 = Debug|Win32
		{1226A8DE-0E0D-4367-BA81-B69239782395}.Release|x64.ActiveCfg = Release|x64
		{1226A8DE-0E0D-4367-BA81-B69239782395}.Release|x64.Build.0 = Release|x64
		{1226A8DE-0E0D-4367-BA81-B69239782395}.Release|x86.ActiveCfg = Release|Win32
		{1226A8DE-0E0D-4367-BA81-B69239782395}.Release|x86.Build.0 = Release|Win32
		{668D59E0-B140-4B65-9F65-EAABA73E2416}.Debug|x64.ActiveCfg = Debug|x64
		{668D59E0-B140-4B65-9F65-EAABA73E2416}.Debug|x64.Build.0 = Debug|x64
		{668D59E0-B140-4B65-9F65-EAABA73E2416}.Debug|x86.ActiveCfg = Debug|Win32
		{668D59E0-B140-4B65-9F65-EAABA73E2416}.Debug|x86.Build.0 = Debug|Win32
		{668D59E0-B140-4B65-9F65-EAABA73E2416}.Release|x64.ActiveCfg = Release|x64
		{668D59E0-B140-4B65-9F65-EAABA73E2416}.Release|x64.Build.0 = Release|x64
		{668D59E0-B140-4B65-9F65-EAABA73E2416}.Release|x86.ActiveCfg = Release|Win32
		{668D59E0-B140-4B65-9F65-EAABA73E2416}.Release|x86.Build.0 = Release|Win32
		{7620C90D-D5FC-4914-84D1-B04166918547}.Debug|x64.ActiveCfg = Debug|x64
		{7620C90D-D5FC-4914-84D1-B04166918547}.Debug|x64.Build.0 = Debug|x64
		{7620C90D-D5FC-4914-84D1-B04166918547}.Debug|x86.ActiveCfg = Debug|Win32
		{7620C90D-D5FC-4914-84D1-B04166918547}.Debug|x86.Build.0 = Debug|Win32
		{7620C90D-D5FC-4914-84D1-B04166918547}.Release|x64.ActiveCfg = Release|x64
		{7620C90D-D5FC-4914-84D1-B04166918547}.Release|x64.Build.0 = Release|x64
		{7620C90D-D5FC-4914-84D1-B04166918547}.Release|x86.ActiveCfg = Release|Win32
		{7620C90D-D5FC-4914-84D1-B04166918547}.Release|x86.Build.0 = Release|Win32
		{9A90632D-0D60-4AAC-B90B-09843C9B7D59}.Debug|x64.ActiveCfg = Debug|x64
		{9A90632D-0D60-4AAC-B90B-09843C9B7D59}.Debug|x64.Build.0 = Debug|x64
		{9A90632D-0D60-4AAC-B90B-09843C9B7D59}.Debug|x86.ActiveCfg = Debug|Win32
		{9A90632D-0D60-4AAC-B90B-09843C9B7D59}.Debug|x86.Build.0 = Debug|Win32
		{9A90632D-0D60-4AAC-B90B-09843C9B7D59}.Release|x64.ActiveCfg = Release|x64
		{9A90632D-0D60-4AAC-B90B-09843C9B7D59}.Release|x64.Build.0 = Release|x64
		{9A90632D-0D60-4AAC-B90B-09843C9B7D59}.Release|x86.ActiveCfg = Release|Win32
		{9A90632D-0D60-4AAC-B90B-09843C9B7D59}.Release|x86.Build.0 = Release|Win32
		{05C7D5EF-975D-4367-A395-4FB9B6BC9C50}.Debug|x64.ActiveCfg = Debug|x64
		{05C7D5EF-975D-4367-A395-4FB9B6BC9C50}.Debug|x64.Build.0 = Debug|x64
		{05C7D5EF-975D-4367-A395-4FB9B6BC9C50}.Debug|x86.ActiveCfg = Debug|Win32
		{05C7D5EF-975D-4367-A395-4FB9B6BC9C50}.Debug|x86.Build.0 = Debug|Win32
		{05C7D5EF-975D-4367-A395-4FB9B6BC9C50}.Release|x64.ActiveCfg = Release|x64
		{05C7D5EF-975D-4367-A395-4FB9B6BC9C50}.Release|x64.Build.0 = Release|x64
		{05C7D5EF-975D-4367-A395-4FB9B6BC9C50}.Release|x86.ActiveCfg = Release|Win32
		{05C7D5EF-975D-4367-A395-4FB9B6BC9C50}.Release|x86.Build.0 = Release|Win32
		{7E0F4840-0152-4A08-9A4C-8AC34CDF5EAD}.Debug|x64.ActiveCfg = Debug|x64
		{7E0F4840-0152-4A08-9A4C-8AC34CDF5EAD}.Debug|x64.Build.0 = Debug|x64
		{7E0F4840-0152-4A08-9A4C-8AC34CDF5EAD}.Debug|x86.ActiveCfg = Debug|Win32
		{7E0F4840-0152-4A08-9A4C-8AC34CDF5EAD}.Debug|x86.Build.0 = Debug|Win32
		{7E0F4840-0152-4A08-9A4C-8AC34CDF5EAD}.Release|x64.ActiveCfg = Release|x64
		{7E0F4840-0152-4A08-9A4C-8AC34CDF5EAD}.Release|x64.Build.0 = Release|x64
		{7E0F4840-0152-4A08-9A4C-8AC34CDF5EAD}.Release|x86.ActiveCfg = Release|Win32
		{7E0F4840-0152-4A08-9A4C-8AC34CDF5EAD}.Release|x86.Build.0 = Release|Win32
		{B143CAB3-5DFD-4D36-A1A4-617E43B36549}.Debug|x64.ActiveCfg = Debug|x64
		{B143CAB3-5DFD-4D36-A1A4-617E43B36549}.Debug|x64.Build.0 = Debug|x64
		{B143CAB3-5DFD-4D36-A1A4-617E43B36549}.Debug|x86.ActiveCfg = Debug|Win32
		{B143CAB3-5DFD-4D36-A1A4-617E43B36549}.Debug|x86.Build.0 = Debug|Win32
		{B143CAB3-5DFD-4D36-A1A4-617E43B36549}.Release|x64.ActiveCfg = Release|x64
		{B143CAB3-5DFD-4D36-A1A4-617E43B36549}.Release|x64.Build.0 = Release|x64
		{B143CAB3-5DFD-4D36-A1A4-617E43B36549}.Release|x86.ActiveCfg = Release|Win32
		{B143CAB3-5DFD-4D36-A1A4-617E43B36549}.Release|x86.Build.0 = Release|Win32
		{78E803D8-A56E-430D-9923-62FDEB9D86ED}.Debug|x64.ActiveCfg = Debug|x64
		{78E803D8-A56E-430D-9923-62FDEB9D86ED}.Debug|x64.Build.0 = Debug|x64
		{78E803D8-A56E-430D-9923-62FDEB9D86ED}.Debug|x86.ActiveCfg = Debug|Win32
		{78E803D8-A56E-430D-9923-62FDEB9D86ED}.Debug|x86.Build.0 = Debug|Win32
		{78E803D8-A56E-430D-9923-62FDEB9D86ED}.Release|x64.ActiveCfg = Release|x64
		{78E803D8-A56E-430D-9923-62FDEB9D86ED}.Release|x64.Build.0 = Release|x64
		{78E803D8-A56E-430D-9923-62FDEB9D86ED}.Release|x86.ActiveCfg = Release|Win32
		{78E803D8-A56E-430D-9923-62FDEB9D86ED}.Release|x86.Build.0 = Release|Win32
		{BD75CE21-2DAD-40EF-9190-A11424D9A909}.Debug|x64.ActiveCfg = Debug|x64
		{BD75CE21-2DAD-40EF-9190-A11424D9A909}.Debug|x64.Build.0 = Debug|x64
		{BD75CE21-2DAD-40EF-9190-A11424D9A909}.Debug|x86.ActiveCfg = Debug|Win32
		{BD75CE21-2DAD-40EF-9190-A11424D9A909}.Debug|x86.Build.0 = Debug|Win32
		{BD75CE21-2DAD-40EF-9190-A11424D9A909}.Release|x64.ActiveCfg = Release|x64
		{BD75CE21-2DAD-40EF-9190-A11424D9A909}.Release|x64.Build.0 = Release|x64
		{BD75CE21-2DAD-40EF-9190-A11424D9A909}.Release|x86.ActiveCfg = Release|Win32
		{BD75CE21-2DAD-40EF-9190-A11424D9A909}.Release|x86.Build.0 = Release|Win32
		{16477480-85D4-454C-90C5-231281B97C3E}.Debug|x64.ActiveCfg = Debug|x64
		{16477480-85D4-454C-90C5-231281B97C3E}.Debug|x64.Build.0 = Debug|x64
		{16477480-85D4-454C-90C5-231281B97C3E}.Debug|x86.ActiveCfg = Debug|Win32
		{16477480-85D4-454C-90C5-231281B97C3E}.Debug|x86.Build.0 = Debug|Win32
		{16477480-85D4-454C-90C5-231281B97C3E}.Release|x64.ActiveCfg = Release|x64
		{16477480-85D4-454C-90C5-231281B97C3E}.Release|x64.Build.0 = Release|x64
		{16477480-85D4-454C-90C5-231281B97C3E}.Release|x86.ActiveCfg = Release|Win32
		{16477480-85D4-454C-90C5-231281B97C3E}.Release|x86.Build.0 = Release|Win32
		{F54A737F-8C3A-4388-89DA-8A1B5D25DE36}.Debug|x64.ActiveCfg = Debug|x64
		{F54A737F-8C3A-4388-89DA-8A1B5D25DE36}.Debug|x64.Build.0 = Debug|x64
		{F54A737F-8C3A-4388-89DA-8A1B5D25DE36}.Debug|x86.ActiveCfg = Debug|Win32
		{F54A737F-8C3A-4388-89DA-8A1B5D25DE36}.Debug|x86.Build.0 = Debug|Win32
		{F54A737F-8C3A-4388-89DA-8A1B5D25DE36}.Release|x64.ActiveCfg = Release|x64
		{F54A737F-8C3A-4388-89DA-8A1B5D25DE36}.Release|x64.Build.0 = Release|x64
		{F54A737F-8C3A-4388-89DA-8A1B5D25DE36}.Release|x86.ActiveCfg = Release|Win32
		{F54A737F-8C3A-4388-89DA-8A1B5D25DE36}.Release|x86.Build.0 = Release|Win32
		{571C3B6C-7885-44D3-BF14-A74F81F8A411}.Debug|x64.ActiveCfg = Debug|x64
		{571C3B6C-7885-44D3-BF14-A74F81F8A411}.Debug|x64.Build.0 = Debug|x64
		{571C3B6C-7885-44D3-BF14-A74F81F8A411}.Debug|x86.ActiveCfg = Debug|Win32
		{571C3B6C-7885-44D3-BF14-A74F81F8A411}.Debug|x86.Build.0 = Debug|Win32
		{571C3B6C-7885-44D3-BF14-A74F81F8A411}.Release|x64.ActiveCfg = Release|x64
		{571C3B6C-7885-44D3-BF14-A74F81F8A411}.Release|x64.Build.0 = Release|x64
		{571C3B6C-7885-44D3-BF14-A74F81F8A411}.Release|x86.ActiveCfg = Release|Win32
		{571C3B6C-7885-44D3-BF14-A74F81F8A411}.Release|x86.Build.0 = Release|Win32
		{F589A356-C5E4-4267-BF59-22E268BE9719}.Debug|x64.ActiveCfg = Debug|x64
		{F589A356-C5E4-4267-BF59-22E268BE9719}.Debug|x64.Build.0 = Debug|x64
		{F589A356-C5E4-4267-BF59-22E268BE9719}.Debug|x86.ActiveCfg = Debug|Win32
		{F589A356-C5E4-4267-BF59-22E268BE9719}.Debug|x86.Build.0 = Debug|Win32
		{F589A356-C5E4-4267-BF59-22E268BE9719}.Release|x64.ActiveCfg = Release|x64
		{F589A356-C5E4-4267-BF59-22E268BE9719}.Release|x64.Build.0 = Release|x64
		{F589A356-C5E4-4267-BF59-22E268BE9719}.Release|x86.ActiveCfg = Release|Win32
		{F589A356-C5E4-4267-BF59-22E268BE9719}.Release|x86.Build.0 = Release|Win32
		{952B2573-19F7-4943-8C36-34EFD23FB02B}.Debug|x64.ActiveCfg = Debug|x64
		{952B2573-19F7-4943-8C36-34EFD23FB02B}.Debug|x64.Build.0 = Debug|x64
		{952B2573-19F7-4943-8C36-34EFD23FB02B}.Debug|x86.ActiveCfg = Debug|Win32
		{952B2573-19F7-4943-8C36-34EFD23FB02B}.Debug|x86.Build.0 = Debug|Win32
		{952B2573-19F7-4943-8C36-34EFD23FB02B}.Release|x64.ActiveCfg = Release|x64
		{952B2573-19F7-4943-8C36-34EFD23FB02B}.Release|x64.Build.0 = Release|x64
		{952B2573-19F7-4943-8C36-34EFD23FB02B}.Release|x86.ActiveCfg = Release|Win32
		{952B2573-19F7-4943-8C36-34EFD23FB02B}.Release|x86.Build.0 = Release|Win32
		{5F797BCA-7421-45B7-B5F7-96906E95BFF8}.Debug|x64.ActiveCfg = Debug|x64
		{5F797BCA-7421-45B7-B5F7-96906E95BFF8}.Debug|x64.Build.0 = Debug|x64
		{5F797BCA-7421-45B7-B5F7-96906E95BFF8}.Debug|x86.ActiveCfg = Debug|Win32
		{5F797BCA-7421-45B7-B5F7-96906E95BFF8}.Debug|x86.Build.0 = Debug|Win32
		{5F797BCA-7421-45B7-B5F7-96906E95BFF8}.Release|x64.ActiveCfg = Release|x64
		{5F797BCA-7421-45B7-B5F7-96906E95BFF8}.Release|x64.Build.0 = Release|x64
		{5F797BCA-7421-45B7-B5F7-96906E95BFF8}.Release|x86.ActiveCfg = Release|Win32
		{5F797BCA-7421-45B7-B5F7-96906E95BFF8}.Release|x86.Build.0 = Release|Win32
		{F275AAD3-33C3-419E-806F-60D638B99F67}.Debug|x64.ActiveCfg = Debug|x64
		{F275AAD3-33C3-419E-806F-60D638B99F67}.Debug|x64.Build.0 = Debug|x64
		{F275AAD3-33C3-419E-806F-60D638B99F67}.Debug|x86.ActiveCfg = Debug|Win32
		{F275AAD3-33C3-419E-806F-60D638B99F67}.Debug|x86.Build.0 = Debug|Win32
		{F275AAD3-33C3-419E-806F-60D638B99F67}.Release|x64.ActiveCfg = Release|x64
		{F275AAD3-33C3-419E-806F-60D638B99F67}.Release|x64.Build.0 = Release|x64
		{F275AAD3-33C3-419E-806F-60D638B99F67}.Release|x86.ActiveCfg = Release|Win32
		{F275AAD3-33C3-419E-806F-60D638B99F67}.Release|x86.Build.0 = Release|Win32
		{7720B36B-F32D-4727-889E-2C47BEC2CCDA}.Debug|x64.ActiveCfg = Debug|x64
		{7720B36B-F32D-4727-889E-2C47BEC2CCDA}.Debug|x64.Build.0 = Debug|x64
		{7720B36B-F32D-4727-889E-2C47BEC2CCDA}.Debug|x86.ActiveCfg = Debug|Win32
		{7720B36B-F32D-4727-889E-2C47BEC2CCDA}.Debug|x86.Build.0 = Debug|Win32
		{7720B36B-F32D-4727-889E-2C47BEC2CCDA}.Release|x64.ActiveCfg = Release|x64
		{7720B36B-F32D-4727-889E-2C47BEC2CCDA}.Release|x64.Build.0 = Release|x64
		{7720B36B-F32D-4727-889E-2C47BEC2CCDA}.Release|x86.ActiveCfg = Release|Win32
		{7720B36B-F32D-4727-889E-2C47BEC2CCDA}.Release|x86.Build.0 = Release|Win32
		{FBD6CE2B-0989-438B-A1B2-3DF3B0C67883}.Debug|x64.ActiveCfg = Debug|x64
		{FBD6CE2B-0989-438B-A1B2-3DF3B0C67883}.Debug|x64.Build.0 = Debug|x64
		{FBD6CE2B-0989-438B-A1B2-3DF3B0C67883}.Debug|x86.ActiveCfg = Debug|Win32
		{FBD6CE2B-0989-438B-A1B2-3DF3B0C67883}.Debug|x86.Build.0 = Debug|Win32
		{FBD6CE2B-0989-438B-A1B2-3DF3B0C67883}.Release|x64.ActiveCfg = Release|x64
		{FBD6CE2B-0989-438B-A1B2-3DF3B0C67883}.Release|x64.Build.0 = Release|x64
		{FBD6CE2B-0989-438B-A1B2-3DF3B0C67883}.Release|x86.ActiveCfg = Release|Win32
		{FBD6CE2B-0989-438B-A1B2-3DF3B0C67883}.Release|x86.Build.0 = Release|Win32
		{00310D1D-B2C7-4DF0-8DED-4645E3D98E72}.Debug|x64.ActiveCfg = Debug|x64
		{00310D1D-B2C7-4DF0-8DED-4645E3D98E72}.Debug|x64.Build.0 = Debug|x64
		{00310D1D-B2C7-4DF0-8DED-4645E3D98E72}.Debug|x86.ActiveCfg = Debug|Win32
		{00310D1D-B2C7-4DF0-8DED-4645E3D98E72}.Debug|x86.Build.0 = Debug|Win32
		{00310D1D-B2C7-4DF0-8DED-4645E3D98E72}.Release|x64.ActiveCfg = Release|x64
		{00310D1D-B2C7-4DF0-8DED-4645E3D98E72}.Release|x64.Build.0 = Release|x64
		{00310D1D-B2C7-4DF0-8DED-4645E3D98E72}.Release|x86.ActiveCfg = Release|Win32
		{00310D1D-B2C7-4DF0-8DED-4645E3D98E72}.Release|x86.Build.0 = Release|Win32
	EndGlobalSection
	GlobalSection(SolutionProperties) = preSolution
		HideSolutionNode = FALSE
	EndGlobalSection
	GlobalSection(NestedProjects) = preSolution
		{E2075723-B1DD-4E38-9E65-3B62C63F26F9} = {6ACE758F-1616-499E-B59C-58C9ACCB08D0}
		{1226A8DE-0E0D-4367-BA81-B69239782395} = {6ACE758F-1616-499E-B59C-58C9ACCB08D0}
		{668D59E0-B140-4B65-9F65-EAABA73E2416} = {B05106EB-E24C-4795-8B46-9E706A8D9BC2}
		{7620C90D-D5FC-4914-84D1-B04166918547} = {971FAD58-C282-4F78-A5D0-D705FE524189}
		{9A90632D-0D60-4AAC-B90B-09843C9B7D59} = {971FAD58-C282-4F78-A5D0-D705FE524189}
		{05C7D5EF-975D-4367-A395-4FB9B6BC9C50} = {4CEC919A-C730-4952-AD42-E335F8E0206B}
		{7E0F4840-0152-4A08-9A4C-8AC34CDF5EAD} = {999043C2-A6B2-4845-BBA9-2D4B7FC696E5}
		{B143CAB3-5DFD-4D36-A1A4-617E43B36549} = {999043C2-A6B2-4845-BBA9-2D4B7FC696E5}
		{78E803D8-A56E-430D-9923-62FDEB9D86ED} = {999043C2-A6B2-4845-BBA9-2D4B7FC696E5}
		{BD75CE21-2DAD-40EF-9190-A11424D9A909} = {B06FC14B-5E8A-42DD-87C2-18E2AB226971}
		{16477480-85D4-454C-90C5-231281B97C3E} = {B06FC14B-5E8A-42DD-87C2-18E2AB226971}
		{F54A737F-8C3A-4388-89DA-8A1B5D25DE36} = {25EAD974-EC9D-48A0-804E-76887E0D113E}
		{571C3B6C-7885-44D3-BF14-A74F81F8A411} = {25EAD974-EC9D-48A0-804E-76887E0D113E}
		{F589A356-C5E4-4267-BF59-22E268BE9719} = {EBE80078-E2EB-434A-9E4D-7C0187BA791A}
		{952B2573-19F7-4943-8C36-34EFD23FB02B} = {EBE80078-E2EB-434A-9E4D-7C0187BA791A}
		{5F797BCA-7421-45B7-B5F7-96906E95BFF8} = {C986187E-6ECC-4962-AC2D-FF6F5B8E6A4D}
		{F275AAD3-33C3-419E-806F-60D638B99F67} = {C986187E-6ECC-4962-AC2D-FF6F5B8E6A4D}
		{7720B36B-F32D-4727-889E-2C47BEC2CCDA} = {AC758DEF-AC69-42A8-BD15-D1374EED30CD}
		{FBD6CE2B-0989-438B-A1B2-3DF3B0C67883} = {5736448D-F656-4181-BE39-8E23358C8903}
		{00310D1D-B2C7-4DF0-8DED-4645E3D98E72} = {93B26298-2557-424D-AF55-91437BD66D1F}
	EndGlobalSection
EndGlobal
